
Microsoft Visual Studio Solution File, Format Version 12.00
# Visual Studio Version 16
VisualStudioVersion = 16.0.29209.62
MinimumVisualStudioVersion = 10.0.40219.1
Project("{9A19103F-16F7-4668-BE54-9A1E7A4F7556}") = "ActyonData", "ActyonData.csproj", "{954211FD-26B3-49E5-BEA6-77B3E2F1116F}"
EndProject
Project("{9A19103F-16F7-4668-BE54-9A1E7A4F7556}") = "ActyonData.Application", "..\ActyonDataApplication\ActyonData.Application.csproj", "{2704DA4C-E752-4E6E-9268-5DC030895C73}"
EndProject
Project("{9A19103F-16F7-4668-BE54-9A1E7A4F7556}") = "ActyonData.Infra", "..\ActyonData.Infra\ActyonData.Infra.csproj", "{5EC99239-ECB5-4386-AA96-D4191B1903F8}"
EndProject
Project("{9A19103F-16F7-4668-BE54-9A1E7A4F7556}") = "ActyonData.Domain", "..\ActyonData.Domain\ActyonData.Domain.csproj", "{B06964C5-AA98-4492-8949-9521AB21FFEE}"
EndProject
Project("{9A19103F-16F7-4668-BE54-9A1E7A4F7556}") = "ActyonData.Shared", "..\ActyonData.Shared\ActyonData.Shared.csproj", "{1376A9EA-619D-433A-AEB4-8299AB3E4E5E}"
EndProject
Global
	GlobalSection(SolutionConfigurationPlatforms) = preSolution
		Debug|Any CPU = Debug|Any CPU
		Release|Any CPU = Release|Any CPU
	EndGlobalSection
	GlobalSection(ProjectConfigurationPlatforms) = postSolution
		{954211FD-26B3-49E5-BEA6-77B3E2F1116F}.Debug|Any CPU.ActiveCfg = Debug|Any CPU
		{954211FD-26B3-49E5-BEA6-77B3E2F1116F}.Debug|Any CPU.Build.0 = Debug|Any CPU
		{954211FD-26B3-49E5-BEA6-77B3E2F1116F}.Release|Any CPU.ActiveCfg = Release|Any CPU
		{954211FD-26B3-49E5-BEA6-77B3E2F1116F}.Release|Any CPU.Build.0 = Release|Any CPU
		{2704DA4C-E752-4E6E-9268-5DC030895C73}.Debug|Any CPU.ActiveCfg = Debug|Any CPU
		{2704DA4C-E752-4E6E-9268-5DC030895C73}.Debug|Any CPU.Build.0 = Debug|Any CPU
		{2704DA4C-E752-4E6E-9268-5DC030895C73}.Release|Any CPU.ActiveCfg = Release|Any CPU
		{2704DA4C-E752-4E6E-9268-5DC030895C73}.Release|Any CPU.Build.0 = Release|Any CPU
		{5EC99239-ECB5-4386-AA96-D4191B1903F8}.Debug|Any CPU.ActiveCfg = Debug|Any CPU
		{5EC99239-ECB5-4386-AA96-D4191B1903F8}.Debug|Any CPU.Build.0 = Debug|Any CPU
		{5EC99239-ECB5-4386-AA96-D4191B1903F8}.Release|Any CPU.ActiveCfg = Release|Any CPU
		{5EC99239-ECB5-4386-AA96-D4191B1903F8}.Release|Any CPU.Build.0 = Release|Any CPU
		{B06964C5-AA98-4492-8949-9521AB21FFEE}.Debug|Any CPU.ActiveCfg = Debug|Any CPU
		{B06964C5-AA98-4492-8949-9521AB21FFEE}.Debug|Any CPU.Build.0 = Debug|Any CPU
		{B06964C5-AA98-4492-8949-9521AB21FFEE}.Release|Any CPU.ActiveCfg = Release|Any CPU
		{B06964C5-AA98-4492-8949-9521AB21FFEE}.Release|Any CPU.Build.0 = Release|Any CPU
		{1376A9EA-619D-433A-AEB4-8299AB3E4E5E}.Debug|Any CPU.ActiveCfg = Debug|Any CPU
		{1376A9EA-619D-433A-AEB4-8299AB3E4E5E}.Debug|Any CPU.Build.0 = Debug|Any CPU
		{1376A9EA-619D-433A-AEB4-8299AB3E4E5E}.Release|Any CPU.ActiveCfg = Release|Any CPU
		{1376A9EA-619D-433A-AEB4-8299AB3E4E5E}.Release|Any CPU.Build.0 = Release|Any CPU
	EndGlobalSection
	GlobalSection(SolutionProperties) = preSolution
		HideSolutionNode = FALSE
	EndGlobalSection
	GlobalSection(ExtensibilityGlobals) = postSolution
		SolutionGuid = {0FCEA327-8A76-4E83-B2F9-0156B65A12E0}
	EndGlobalSection
EndGlobal
